
Microsoft Visual Studio Solution File, Format Version 12.00
# Visual Studio Version 16
VisualStudioVersion = 16.0.29215.179
MinimumVisualStudioVersion = 10.0.40219.1
Project("{FAE04EC0-301F-11D3-BF4B-00C04F79EFBC}") = "BigBadBolts_Assign6", "BigBadBolts_Assign6\BigBadBolts_Assign6.csproj", "{6A188475-6FA3-4D18-BD59-558F63BBE916}"
EndProject
Global
	GlobalSection(SolutionConfigurationPlatforms) = preSolution
		Debug|Any CPU = Debug|Any CPU
		Release|Any CPU = Release|Any CPU
	EndGlobalSection
	GlobalSection(ProjectConfigurationPlatforms) = postSolution
		{6A188475-6FA3-4D18-BD59-558F63BBE916}.Debug|Any CPU.ActiveCfg = Debug|Any CPU
		{6A188475-6FA3-4D18-BD59-558F63BBE916}.Debug|Any CPU.Build.0 = Debug|Any CPU
		{6A188475-6FA3-4D18-BD59-558F63BBE916}.Release|Any CPU.ActiveCfg = Release|Any CPU
		{6A188475-6FA3-4D18-BD59-558F63BBE916}.Release|Any CPU.Build.0 = Release|Any CPU
	EndGlobalSection
	GlobalSection(SolutionProperties) = preSolution
		HideSolutionNode = FALSE
	EndGlobalSection
	GlobalSection(ExtensibilityGlobals) = postSolution
		SolutionGuid = {38B34305-4801-478F-9D7B-9CB97B96C7BF}
	EndGlobalSection
EndGlobal
